
Microsoft Visual Studio Solution File, Format Version 12.00
# Visual Studio 15
VisualStudioVersion = 15.0.27703.2035
MinimumVisualStudioVersion = 10.0.40219.1
Project("{FAE04EC0-301F-11D3-BF4B-00C04F79EFBC}") = "Web", "Web\Web.csproj", "{FAEABE40-A710-4ACD-B21C-75A7E4DC0BAF}"
EndProject
Project("{FAE04EC0-301F-11D3-BF4B-00C04F79EFBC}") = "Models", "Models\Models.csproj", "{773F5791-80C1-40B1-8B99-29C325E9DCEB}"
EndProject
Project("{FAE04EC0-301F-11D3-BF4B-00C04F79EFBC}") = "DAL", "DAL\DAL.csproj", "{22F48B2D-9FE7-44A3-BC6A-3E1D432E38CC}"
EndProject
Global
	GlobalSection(SolutionConfigurationPlatforms) = preSolution
		Debug|Any CPU = Debug|Any CPU
		Release|Any CPU = Release|Any CPU
	EndGlobalSection
	GlobalSection(ProjectConfigurationPlatforms) = postSolution
		{FAEABE40-A710-4ACD-B21C-75A7E4DC0BAF}.Debug|Any CPU.ActiveCfg = Debug|Any CPU
		{FAEABE40-A710-4ACD-B21C-75A7E4DC0BAF}.Debug|Any CPU.Build.0 = Debug|Any CPU
		{FAEABE40-A710-4ACD-B21C-75A7E4DC0BAF}.Release|Any CPU.ActiveCfg = Release|Any CPU
		{FAEABE40-A710-4ACD-B21C-75A7E4DC0BAF}.Release|Any CPU.Build.0 = Release|Any CPU
		{773F5791-80C1-40B1-8B99-29C325E9DCEB}.Debug|Any CPU.ActiveCfg = Debug|Any CPU
		{773F5791-80C1-40B1-8B99-29C325E9DCEB}.Debug|Any CPU.Build.0 = Debug|Any CPU
		{773F5791-80C1-40B1-8B99-29C325E9DCEB}.Release|Any CPU.ActiveCfg = Release|Any CPU
		{773F5791-80C1-40B1-8B99-29C325E9DCEB}.Release|Any CPU.Build.0 = Release|Any CPU
		{22F48B2D-9FE7-44A3-BC6A-3E1D432E38CC}.Debug|Any CPU.ActiveCfg = Debug|Any CPU
		{22F48B2D-9FE7-44A3-BC6A-3E1D432E38CC}.Debug|Any CPU.Build.0 = Debug|Any CPU
		{22F48B2D-9FE7-44A3-BC6A-3E1D432E38CC}.Release|Any CPU.ActiveCfg = Release|Any CPU
		{22F48B2D-9FE7-44A3-BC6A-3E1D432E38CC}.Release|Any CPU.Build.0 = Release|Any CPU
	EndGlobalSection
	GlobalSection(SolutionProperties) = preSolution
		HideSolutionNode = FALSE
	EndGlobalSection
	GlobalSection(ExtensibilityGlobals) = postSolution
		SolutionGuid = {45DEBA25-51F2-4519-A749-F8EE35525202}
	EndGlobalSection
EndGlobal
